{
  "name": "tinytsx-alpha-examples",
  "lockfileVersion": 3,
  "requires": true,
  "packages": {
    "": {
      "name": "tinytsx-alpha-examples",
      "dependencies": {
        "@hono/node-server": "2.0.10",
        "@hono/stytch-auth": "0.1.0",
        "@hono/zod-openapi": "1.5.1",
        "hono": "4.12.30",
        "zod": "4.4.3"
      }
    },
    "node_modules/@asteasolutions/zod-to-openapi": {
      "version": "8.5.0",
      "resolved": "https://registry.npmjs.org/@asteasolutions/zod-to-openapi/-/zod-to-openapi-8.5.0.tgz",
      "integrity": "sha512-SABbKiObg5dLRiTFnqiW1WWwGcg1BJfmHtT2asIBnBHg6Smy/Ms2KHc650+JI4Hw7lSkdiNebEGXpwoxfben8Q==",
      "license": "MIT",
      "dependencies": {
        "openapi3-ts": "^4.1.2"
      },
      "peerDependencies": {
        "zod": "^4.0.0"
      }
    },
    "node_modules/@hono/node-server": {
      "version": "2.0.10",
      "resolved": "https://registry.npmjs.org/@hono/node-server/-/node-server-2.0.10.tgz",
      "integrity": "sha512-ZcnNVhKTmyDJeg0UlnZjvM73JBsTAuhrH/J4fjwGOw59PwOW51r4J+p6CsKZWXdKSme4MFqU62CZMOsdDrU4CA==",
      "license": "MIT",
      "engines": {
        "node": ">=20"
      },
      "peerDependencies": {
        "hono": "^4"
      }
    },
    "node_modules/@hono/stytch-auth": {
      "version": "0.1.0",
      "resolved": "https://registry.npmjs.org/@hono/stytch-auth/-/stytch-auth-0.1.0.tgz",
      "integrity": "sha512-TSj5tNmu/lSiK17wEgxJV8HyAqAwgLzkmmGz8xbAMWjFLKZALTiRLsBbKWYe0P3Qi9g/n6GRS1fUmQyJLOQgRQ==",
      "license": "MIT",
      "engines": {
        "node": ">=22.x.x"
      },
      "peerDependencies": {
        "hono": ">=3.*",
        "stytch": "^12.19.0"
      }
    },
    "node_modules/@hono/zod-openapi": {
      "version": "1.5.1",
      "resolved": "https://registry.npmjs.org/@hono/zod-openapi/-/zod-openapi-1.5.1.tgz",
      "integrity": "sha512-ZaDdEIkn6PEGjIYHXJeyByg6yhvLzI+UXn968pWtahpwcQ6HMjQYXI3zNffTl0Wl9QZ79nUnGqiN1erEIu23fA==",
      "license": "MIT",
      "dependencies": {
        "@asteasolutions/zod-to-openapi": "^8.5.0",
        "@hono/zod-validator": "^0.9.0",
        "openapi3-ts": "^4.5.0"
      },
      "engines": {
        "node": ">=16.0.0"
      },
      "peerDependencies": {
        "hono": ">=4.10.0",
        "zod": "^4.0.0"
      }
    },
    "node_modules/@hono/zod-validator": {
      "version": "0.9.0",
      "resolved": "https://registry.npmjs.org/@hono/zod-validator/-/zod-validator-0.9.0.tgz",
      "integrity": "sha512-n0ZSXmCiHVIp4Y5wlOOyZCeTd/rsawA/qW1cipB8QOYKZ9N8Tk0nZUZCXho9cu374AN4JpDNKioNKBJ/W+LBug==",
      "license": "MIT",
      "peerDependencies": {
        "hono": ">=4.11.2",
        "zod": "^3.25.0 || ^4.0.0"
      }
    },
    "node_modules/hono": {
      "version": "4.12.30",
      "resolved": "https://registry.npmjs.org/hono/-/hono-4.12.30.tgz",
      "integrity": "sha512-emn+JoJjrN9YTpRDS5it/UI2SO9BAE37T6I3d963RxcZ81G9A4pr2SZTEiiaiKbzx+NKRg5BZ89fCL7gCJCUog==",
      "license": "MIT",
      "engines": {
        "node": ">=16.9.0"
      }
    },
    "node_modules/jose": {
      "version": "5.10.0",
      "resolved": "https://registry.npmjs.org/jose/-/jose-5.10.0.tgz",
      "integrity": "sha512-s+3Al/p9g32Iq+oqXxkW//7jk2Vig6FF1CFqzVXoTUXt2qz89YWbL+OwS17NFYEvxC35n0FKeGO2LGYSxeM2Gg==",
      "license": "MIT",
      "peer": true,
      "funding": {
        "url": "https://github.com/sponsors/panva"
      }
    },
    "node_modules/openapi3-ts": {
      "version": "4.6.0",
      "resolved": "https://registry.npmjs.org/openapi3-ts/-/openapi3-ts-4.6.0.tgz",
      "integrity": "sha512-a4sfn6L2sIShhtzJqmjGrARvxAW/3F2BJDdyRVvNF9VhAsZSh5hSyI3a9TNvmzBxXmq66nY5LNT5bQcBxYAZZg==",
      "license": "MIT",
      "dependencies": {
        "yaml": "^2.9.0"
      }
    },
    "node_modules/stytch": {
      "version": "12.43.1",
      "resolved": "https://registry.npmjs.org/stytch/-/stytch-12.43.1.tgz",
      "integrity": "sha512-5JxueT4MsjJ2stu8ws3pYlD7XBtu3HkhXK1UfCdLpLRlg6tSUSVCJXHVyA7Ed2LYgwL6zqtm/S2XRdn5CufUcg==",
      "license": "MIT",
      "peer": true,
      "dependencies": {
        "jose": "^5.6.3",
        "undici": "^6.19.5"
      },
      "engines": {
        "node": ">= 18.0.0"
      }
    },
    "node_modules/undici": {
      "version": "6.27.0",
      "resolved": "https://registry.npmjs.org/undici/-/undici-6.27.0.tgz",
      "integrity": "sha512-YmfV3YnEDzXRC5lZ2jWtWWHKGUm1zIt8AhesR1tens+HTNv+YZlN/dp6G727LOvMJ8xjP9Be7Y2Sdr96LDm+pg==",
      "license": "MIT",
      "peer": true,
      "engines": {
        "node": ">=18.17"
      }
    },
    "node_modules/yaml": {
      "version": "2.9.0",
      "resolved": "https://registry.npmjs.org/yaml/-/yaml-2.9.0.tgz",
      "integrity": "sha512-2AvhNX3mb8zd6Zy7INTtSpl1F15HW6Wnqj0srWlkKLcpYl/gMIMJiyuGq2KeI2YFxUPjdlB+3Lc10seMLtL4cA==",
      "license": "ISC",
      "bin": {
        "yaml": "bin.mjs"
      },
      "engines": {
        "node": ">= 14.6"
      },
      "funding": {
        "url": "https://github.com/sponsors/eemeli"
      }
    },
    "node_modules/zod": {
      "version": "4.4.3",
      "resolved": "https://registry.npmjs.org/zod/-/zod-4.4.3.tgz",
      "integrity": "sha512-ytENFjIJFl2UwYglde2jchW2Hwm4GJFLDiSXWdTrJQBIN9Fcyp7n4DhxJEiWNAJMV1/BqWfW/kkg71UDcHJyTQ==",
      "license": "MIT",
      "funding": {
        "url": "https://github.com/sponsors/colinhacks"
      }
    }
  }
}
